
Microsoft Visual Studio Solution File, Format Version 12.00
# Visual Studio Version 17
VisualStudioVersion = 17.11.35327.3
MinimumVisualStudioVersion = 10.0.40219.1
Project("{FAE04EC0-301F-11D3-BF4B-00C04F79EFBC}") = "TriangleWebAPI", "TriangleWebAPI\TriangleWebAPI.csproj", "{6DEDECD3-B4AE-4D50-994D-8F637A25DCEE}"
EndProject
Global
	GlobalSection(SolutionConfigurationPlatforms) = preSolution
		Debug|Any CPU = Debug|Any CPU
		Release|Any CPU = Release|Any CPU
	EndGlobalSection
	GlobalSection(ProjectConfigurationPlatforms) = postSolution
		{6DEDECD3-B4AE-4D50-994D-8F637A25DCEE}.Debug|Any CPU.ActiveCfg = Debug|Any CPU
		{6DEDECD3-B4AE-4D50-994D-8F637A25DCEE}.Debug|Any CPU.Build.0 = Debug|Any CPU
		{6DEDECD3-B4AE-4D50-994D-8F637A25DCEE}.Release|Any CPU.ActiveCfg = Release|Any CPU
		{6DEDECD3-B4AE-4D50-994D-8F637A25DCEE}.Release|Any CPU.Build.0 = Release|Any CPU
	EndGlobalSection
	GlobalSection(SolutionProperties) = preSolution
		HideSolutionNode = FALSE
	EndGlobalSection
	GlobalSection(ExtensibilityGlobals) = postSolution
		SolutionGuid = {4DAE2252-8C5C-43E1-B70C-E43BA292FDC2}
	EndGlobalSection
EndGlobal
