
Microsoft Visual Studio Solution File, Format Version 12.00
# Visual Studio Version 17
VisualStudioVersion = 17.11.35327.3
MinimumVisualStudioVersion = 10.0.40219.1
Project("{FAE04EC0-301F-11D3-BF4B-00C04F79EFBC}") = "GeoWeb", "GeoWeb\GeoWeb.csproj", "{EB342313-FEBC-40A0-9CE7-7C1B71AF0850}"
EndProject
Global
	GlobalSection(SolutionConfigurationPlatforms) = preSolution
		Debug|Any CPU = Debug|Any CPU
		Release|Any CPU = Release|Any CPU
	EndGlobalSection
	GlobalSection(ProjectConfigurationPlatforms) = postSolution
		{EB342313-FEBC-40A0-9CE7-7C1B71AF0850}.Debug|Any CPU.ActiveCfg = Debug|Any CPU
		{EB342313-FEBC-40A0-9CE7-7C1B71AF0850}.Debug|Any CPU.Build.0 = Debug|Any CPU
		{EB342313-FEBC-40A0-9CE7-7C1B71AF0850}.Release|Any CPU.ActiveCfg = Release|Any CPU
		{EB342313-FEBC-40A0-9CE7-7C1B71AF0850}.Release|Any CPU.Build.0 = Release|Any CPU
	EndGlobalSection
	GlobalSection(SolutionProperties) = preSolution
		HideSolutionNode = FALSE
	EndGlobalSection
	GlobalSection(ExtensibilityGlobals) = postSolution
		SolutionGuid = {A9E64C93-14D8-4F69-8FD1-8E5219B55958}
	EndGlobalSection
EndGlobal
